// !$*UTF8*$!
{
	archiveVersion = 1;
	classes = {
	};
	objectVersion = 46;
	objects = {

/* Begin PBXBuildFile section */
		E779E1111E695F7400AA617B /* main.m in Sources */ = {isa = PBXBuildFile; fileRef = E779E1101E695F7400AA617B /* main.m */; };
		E779E1141E695F7400AA617B /* AppDelegate.m in Sources */ = {isa = PBXBuildFile; fileRef = E779E1131E695F7400AA617B /* AppDelegate.m */; };
		E779E1171E695F7400AA617B /* ViewController.m in Sources */ = {isa = PBXBuildFile; fileRef = E779E1161E695F7400AA617B /* ViewController.m */; };
		E779E11A1E695F7400AA617B /* Main.storyboard in Resources */ = {isa = PBXBuildFile; fileRef = E779E1181E695F7400AA617B /* Main.storyboard */; };
		E779E11C1E695F7400AA617B /* Assets.xcassets in Resources */ = {isa = PBXBuildFile; fileRef = E779E11B1E695F7400AA617B /* Assets.xcassets */; };
		E779E11F1E695F7400AA617B /* LaunchScreen.storyboard in Resources */ = {isa = PBXBuildFile; fileRef = E779E11D1E695F7400AA617B /* LaunchScreen.storyboard */; };
		E779E1341E695FC200AA617B /* LICENSE in Resources */ = {isa = PBXBuildFile; fileRef = E779E1271E695FC200AA617B /* LICENSE */; };
		E779E1351E695FC200AA617B /* ALView+PureLayout.m in Sources */ = {isa = PBXBuildFile; fileRef = E779E12B1E695FC200AA617B /* ALView+PureLayout.m */; };
		E779E1361E695FC200AA617B /* NSArray+PureLayout.m in Sources */ = {isa = PBXBuildFile; fileRef = E779E12D1E695FC200AA617B /* NSArray+PureLayout.m */; };
		E779E1371E695FC200AA617B /* NSLayoutConstraint+PureLayout.m in Sources */ = {isa = PBXBuildFile; fileRef = E779E12F1E695FC200AA617B /* NSLayoutConstraint+PureLayout.m */; };
		E779E1381E695FC200AA617B /* README.md in Sources */ = {isa = PBXBuildFile; fileRef = E779E1331E695FC200AA617B /* README.md */; };
		E779E13C1E69600E00AA617B /* DataPickerView.m in Sources */ = {isa = PBXBuildFile; fileRef = E779E13B1E69600E00AA617B /* DataPickerView.m */; };
/* End PBXBuildFile section */

/* Begin PBXFileReference section */
		E779E10C1E695F7400AA617B /* DataPicker.app */ = {isa = PBXFileReference; explicitFileType = wrapper.application; includeInIndex = 0; path = DataPicker.app; sourceTree = BUILT_PRODUCTS_DIR; };
		E779E1101E695F7400AA617B /* main.m */ = {isa = PBXFileReference; lastKnownFileType = sourcecode.c.objc; path = main.m; sourceTree = "<group>"; };
		E779E1121E695F7400AA617B /* AppDelegate.h */ = {isa = PBXFileReference; lastKnownFileType = sourcecode.c.h; path = AppDelegate.h; sourceTree = "<group>"; };
		E779E1131E695F7400AA617B /* AppDelegate.m */ = {isa = PBXFileReference; lastKnownFileType = sourcecode.c.objc; path = AppDelegate.m; sourceTree = "<group>"; };
		E779E1151E695F7400AA617B /* ViewController.h */ = {isa = PBXFileReference; lastKnownFileType = sourcecode.c.h; path = ViewController.h; sourceTree = "<group>"; };
		E779E1161E695F7400AA617B /* ViewController.m */ = {isa = PBXFileReference; lastKnownFileType = sourcecode.c.objc; path = ViewController.m; sourceTree = "<group>"; };
		E779E1191E695F7400AA617B /* Base */ = {isa = PBXFileReference; lastKnownFileType = file.storyboard; name = Base; path = Base.lproj/Main.storyboard; sourceTree = "<group>"; };
		E779E11B1E695F7400AA617B /* Assets.xcassets */ = {isa = PBXFileReference; lastKnownFileType = folder.assetcatalog; path = Assets.xcassets; sourceTree = "<group>"; };
		E779E11E1E695F7400AA617B /* Base */ = {isa = PBXFileReference; lastKnownFileType = file.storyboard; name = Base; path = Base.lproj/LaunchScreen.storyboard; sourceTree = "<group>"; };
		E779E1201E695F7400AA617B /* Info.plist */ = {isa = PBXFileReference; lastKnownFileType = text.plist.xml; path = Info.plist; sourceTree = "<group>"; };
		E779E1271E695FC200AA617B /* LICENSE */ = {isa = PBXFileReference; fileEncoding = 4; lastKnownFileType = text; path = LICENSE; sourceTree = "<group>"; };
		E779E12A1E695FC200AA617B /* ALView+PureLayout.h */ = {isa = PBXFileReference; fileEncoding = 4; lastKnownFileType = sourcecode.c.h; path = "ALView+PureLayout.h"; sourceTree = "<group>"; };
		E779E12B1E695FC200AA617B /* ALView+PureLayout.m */ = {isa = PBXFileReference; fileEncoding = 4; lastKnownFileType = sourcecode.c.objc; path = "ALView+PureLayout.m"; sourceTree = "<group>"; };
		E779E12C1E695FC200AA617B /* NSArray+PureLayout.h */ = {isa = PBXFileReference; fileEncoding = 4; lastKnownFileType = sourcecode.c.h; path = "NSArray+PureLayout.h"; sourceTree = "<group>"; };
		E779E12D1E695FC200AA617B /* NSArray+PureLayout.m */ = {isa = PBXFileReference; fileEncoding = 4; lastKnownFileType = sourcecode.c.objc; path = "NSArray+PureLayout.m"; sourceTree = "<group>"; };
		E779E12E1E695FC200AA617B /* NSLayoutConstraint+PureLayout.h */ = {isa = PBXFileReference; fileEncoding = 4; lastKnownFileType = sourcecode.c.h; path = "NSLayoutConstraint+PureLayout.h"; sourceTree = "<group>"; };
		E779E12F1E695FC200AA617B /* NSLayoutConstraint+PureLayout.m */ = {isa = PBXFileReference; fileEncoding = 4; lastKnownFileType = sourcecode.c.objc; path = "NSLayoutConstraint+PureLayout.m"; sourceTree = "<group>"; };
		E779E1301E695FC200AA617B /* PureLayout+Internal.h */ = {isa = PBXFileReference; fileEncoding = 4; lastKnownFileType = sourcecode.c.h; path = "PureLayout+Internal.h"; sourceTree = "<group>"; };
		E779E1311E695FC200AA617B /* PureLayout.h */ = {isa = PBXFileReference; fileEncoding = 4; lastKnownFileType = sourcecode.c.h; path = PureLayout.h; sourceTree = "<group>"; };
		E779E1321E695FC200AA617B /* PureLayoutDefines.h */ = {isa = PBXFileReference; fileEncoding = 4; lastKnownFileType = sourcecode.c.h; path = PureLayoutDefines.h; sourceTree = "<group>"; };
		E779E1331E695FC200AA617B /* README.md */ = {isa = PBXFileReference; fileEncoding = 4; lastKnownFileType = net.daringfireball.markdown; path = README.md; sourceTree = "<group>"; };
		E779E13A1E69600E00AA617B /* DataPickerView.h */ = {isa = PBXFileReference; fileEncoding = 4; lastKnownFileType = sourcecode.c.h; path = DataPickerView.h; sourceTree = "<group>"; };
		E779E13B1E69600E00AA617B /* DataPickerView.m */ = {isa = PBXFileReference; fileEncoding = 4; lastKnownFileType = sourcecode.c.objc; path = DataPickerView.m; sourceTree = "<group>"; };
/* End PBXFileReference section */

/* Begin PBXFrameworksBuildPhase section */
		E779E1091E695F7400AA617B /* Frameworks */ = {
			isa = PBXFrameworksBuildPhase;
			buildActionMask = 2147483647;
			files = (
			);
			runOnlyForDeploymentPostprocessing = 0;
		};
/* End PBXFrameworksBuildPhase section */

/* Begin PBXGroup section */
		E779E1031E695F7400AA617B = {
			isa = PBXGroup;
			children = (
				E779E10E1E695F7400AA617B /* DataPicker */,
				E779E10D1E695F7400AA617B /* Products */,
			);
			sourceTree = "<group>";
		};
		E779E10D1E695F7400AA617B /* Products */ = {
			isa = PBXGroup;
			children = (
				E779E10C1E695F7400AA617B /* DataPicker.app */,
			);
			name = Products;
			sourceTree = "<group>";
		};
		E779E10E1E695F7400AA617B /* DataPicker */ = {
			isa = PBXGroup;
			children = (
				E779E1391E69600E00AA617B /* DataPickerView */,
				E779E1121E695F7400AA617B /* AppDelegate.h */,
				E779E1131E695F7400AA617B /* AppDelegate.m */,
				E779E1151E695F7400AA617B /* ViewController.h */,
				E779E1161E695F7400AA617B /* ViewController.m */,
				E779E1181E695F7400AA617B /* Main.storyboard */,
				E779E11B1E695F7400AA617B /* Assets.xcassets */,
				E779E11D1E695F7400AA617B /* LaunchScreen.storyboard */,
				E779E1201E695F7400AA617B /* Info.plist */,
				E779E1261E695FC200AA617B /* PureLayout */,
				E779E10F1E695F7400AA617B /* Supporting Files */,
			);
			path = DataPicker;
			sourceTree = "<group>";
		};
		E779E10F1E695F7400AA617B /* Supporting Files */ = {
			isa = PBXGroup;
			children = (
				E779E1101E695F7400AA617B /* main.m */,
			);
			name = "Supporting Files";
			sourceTree = "<group>";
		};
		E779E1261E695FC200AA617B /* PureLayout */ = {
			isa = PBXGroup;
			children = (
				E779E1271E695FC200AA617B /* LICENSE */,
				E779E1281E695FC200AA617B /* PureLayout */,
				E779E1331E695FC200AA617B /* README.md */,
			);
			path = PureLayout;
			sourceTree = "<group>";
		};
		E779E1281E695FC200AA617B /* PureLayout */ = {
			isa = PBXGroup;
			children = (
				E779E1291E695FC200AA617B /* PureLayout */,
			);
			path = PureLayout;
			sourceTree = "<group>";
		};
		E779E1291E695FC200AA617B /* PureLayout */ = {
			isa = PBXGroup;
			children = (
				E779E12A1E695FC200AA617B /* ALView+PureLayout.h */,
				E779E12B1E695FC200AA617B /* ALView+PureLayout.m */,
				E779E12C1E695FC200AA617B /* NSArray+PureLayout.h */,
				E779E12D1E695FC200AA617B /* NSArray+PureLayout.m */,
				E779E12E1E695FC200AA617B /* NSLayoutConstraint+PureLayout.h */,
				E779E12F1E695FC200AA617B /* NSLayoutConstraint+PureLayout.m */,
				E779E1301E695FC200AA617B /* PureLayout+Internal.h */,
				E779E1311E695FC200AA617B /* PureLayout.h */,
				E779E1321E695FC200AA617B /* PureLayoutDefines.h */,
			);
			path = PureLayout;
			sourceTree = "<group>";
		};
		E779E1391E69600E00AA617B /* DataPickerView */ = {
			isa = PBXGroup;
			children = (
				E779E13A1E69600E00AA617B /* DataPickerView.h */,
				E779E13B1E69600E00AA617B /* DataPickerView.m */,
			);
			path = DataPickerView;
			sourceTree = "<group>";
		};
/* End PBXGroup section */

/* Begin PBXNativeTarget section */
		E779E10B1E695F7400AA617B /* DataPicker */ = {
			isa = PBXNativeTarget;
			buildConfigurationList = E779E1231E695F7400AA617B /* Build configuration list for PBXNativeTarget "DataPicker" */;
			buildPhases = (
				E779E1081E695F7400AA617B /* Sources */,
				E779E1091E695F7400AA617B /* Frameworks */,
				E779E10A1E695F7400AA617B /* Resources */,
			);
			buildRules = (
			);
			dependencies = (
			);
			name = DataPicker;
			productName = DataPicker;
			productReference = E779E10C1E695F7400AA617B /* DataPicker.app */;
			productType = "com.apple.product-type.application";
		};
/* End PBXNativeTarget section */

/* Begin PBXProject section */
		E779E1041E695F7400AA617B /* Project object */ = {
			isa = PBXProject;
			attributes = {
				LastUpgradeCheck = 0820;
				ORGANIZATIONNAME = orange;
				TargetAttributes = {
					E779E10B1E695F7400AA617B = {
						CreatedOnToolsVersion = 8.2.1;
						DevelopmentTeam = 6M2Z6C29XA;
						ProvisioningStyle = Automatic;
					};
				};
			};
			buildConfigurationList = E779E1071E695F7400AA617B /* Build configuration list for PBXProject "DataPicker" */;
			compatibilityVersion = "Xcode 3.2";
			developmentRegion = English;
			hasScannedForEncodings = 0;
			knownRegions = (
				en,
				Base,
			);
			mainGroup = E779E1031E695F7400AA617B;
			productRefGroup = E779E10D1E695F7400AA617B /* Products */;
			projectDirPath = "";
			projectRoot = "";
			targets = (
				E779E10B1E695F7400AA617B /* DataPicker */,
			);
		};
/* End PBXProject section */

/* Begin PBXResourcesBuildPhase section */
		E779E10A1E695F7400AA617B /* Resources */ = {
			isa = PBXResourcesBuildPhase;
			buildActionMask = 2147483647;
			files = (
				E779E11F1E695F7400AA617B /* LaunchScreen.storyboard in Resources */,
				E779E11C1E695F7400AA617B /* Assets.xcassets in Resources */,
				E779E1341E695FC200AA617B /* LICENSE in Resources */,
				E779E11A1E695F7400AA617B /* Main.storyboard in Resources */,
			);
			runOnlyForDeploymentPostprocessing = 0;
		};
/* End PBXResourcesBuildPhase section */

/* Begin PBXSourcesBuildPhase section */
		E779E1081E695F7400AA617B /* Sources */ = {
			isa = PBXSourcesBuildPhase;
			buildActionMask = 2147483647;
			files = (
				E779E1171E695F7400AA617B /* ViewController.m in Sources */,
				E779E1141E695F7400AA617B /* AppDelegate.m in Sources */,
				E779E1111E695F7400AA617B /* main.m in Sources */,
				E779E1381E695FC200AA617B /* README.md in Sources */,
				E779E1351E695FC200AA617B /* ALView+PureLayout.m in Sources */,
				E779E1361E695FC200AA617B /* NSArray+PureLayout.m in Sources */,
				E779E13C1E69600E00AA617B /* DataPickerView.m in Sources */,
				E779E1371E695FC200AA617B /* NSLayoutConstraint+PureLayout.m in Sources */,
			);
			runOnlyForDeploymentPostprocessing = 0;
		};
/* End PBXSourcesBuildPhase section */

/* Begin PBXVariantGroup section */
		E779E1181E695F7400AA617B /* Main.storyboard */ = {
			isa = PBXVariantGroup;
			children = (
				E779E1191E695F7400AA617B /* Base */,
			);
			name = Main.storyboard;
			sourceTree = "<group>";
		};
		E779E11D1E695F7400AA617B /* LaunchScreen.storyboard */ = {
			isa = PBXVariantGroup;
			children = (
				E779E11E1E695F7400AA617B /* Base */,
			);
			name = LaunchScreen.storyboard;
			sourceTree = "<group>";
		};
/* End PBXVariantGroup section */

/* Begin XCBuildConfiguration section */
		E779E1211E695F7400AA617B /* Debug */ = {
			isa = XCBuildConfiguration;
			buildSettings = {
				ALWAYS_SEARCH_USER_PATHS = NO;
				CLANG_ANALYZER_NONNULL = YES;
				CLANG_CXX_LANGUAGE_STANDARD = "gnu++0x";
				CLANG_CXX_LIBRARY = "libc++";
				CLANG_ENABLE_MODULES = YES;
				CLANG_ENABLE_OBJC_ARC = YES;
				CLANG_WARN_BOOL_CONVERSION = YES;
				CLANG_WARN_CONSTANT_CONVERSION = YES;
				CLANG_WARN_DIRECT_OBJC_ISA_USAGE = YES_ERROR;
				CLANG_WARN_DOCUMENTATION_COMMENTS = YES;
				CLANG_WARN_EMPTY_BODY = YES;
				CLANG_WARN_ENUM_CONVERSION = YES;
				CLANG_WARN_INFINITE_RECURSION = YES;
				CLANG_WARN_INT_CONVERSION = YES;
				CLANG_WARN_OBJC_ROOT_CLASS = YES_ERROR;
				CLANG_WARN_SUSPICIOUS_MOVE = YES;
				CLANG_WARN_UNREACHABLE_CODE = YES;
				CLANG_WARN__DUPLICATE_METHOD_MATCH = YES;
				"CODE_SIGN_IDENTITY[sdk=iphoneos*]" = "iPhone Developer";
				COPY_PHASE_STRIP = NO;
				DEBUG_INFORMATION_FORMAT = dwarf;
				ENABLE_STRICT_OBJC_MSGSEND = YES;
				ENABLE_TESTABILITY = YES;
				GCC_C_LANGUAGE_STANDARD = gnu99;
				GCC_DYNAMIC_NO_PIC = NO;
				GCC_NO_COMMON_BLOCKS = YES;
				GCC_OPTIMIZATION_LEVEL = 0;
				GCC_PREPROCESSOR_DEFINITIONS = (
					"DEBUG=1",
					"$(inherited)",
				);
				GCC_WARN_64_TO_32_BIT_CONVERSION = YES;
				GCC_WARN_ABOUT_RETURN_TYPE = YES_ERROR;
				GCC_WARN_UNDECLARED_SELECTOR = YES;
				GCC_WARN_UNINITIALIZED_AUTOS = YES_AGGRESSIVE;
				GCC_WARN_UNUSED_FUNCTION = YES;
				GCC_WARN_UNUSED_VARIABLE = YES;
				IPHONEOS_DEPLOYMENT_TARGET = 10.2;
				MTL_ENABLE_DEBUG_INFO = YES;
				ONLY_ACTIVE_ARCH = YES;
				SDKROOT = iphoneos;
			};
			name = Debug;
		};
		E779E1221E695F7400AA617B /* Release */ = {
			isa = XCBuildConfiguration;
			buildSettings = {
				ALWAYS_SEARCH_USER_PATHS = NO;
				CLANG_ANALYZER_NONNULL = YES;
				CLANG_CXX_LANGUAGE_STANDARD = "gnu++0x";
				CLANG_CXX_LIBRARY = "libc++";
				CLANG_ENABLE_MODULES = YES;
				CLANG_ENABLE_OBJC_ARC = YES;
				CLANG_WARN_BOOL_CONVERSION = YES;
				CLANG_WARN_CONSTANT_CONVERSION = YES;
				CLANG_WARN_DIRECT_OBJC_ISA_USAGE = YES_ERROR;
				CLANG_WARN_DOCUMENTATION_COMMENTS = YES;
				CLANG_WARN_EMPTY_BODY = YES;
				CLANG_WARN_ENUM_CONVERSION = YES;
				CLANG_WARN_INFINITE_RECURSION = YES;
				CLANG_WARN_INT_CONVERSION = YES;
				CLANG_WARN_OBJC_ROOT_CLASS = YES_ERROR;
				CLANG_WARN_SUSPICIOUS_MOVE = YES;
				CLANG_WARN_UNREACHABLE_CODE = YES;
				CLANG_WARN__DUPLICATE_METHOD_MATCH = YES;
				"CODE_SIGN_IDENTITY[sdk=iphoneos*]" = "iPhone Developer";
				COPY_PHASE_STRIP = NO;
				DEBUG_INFORMATION_FORMAT = "dwarf-with-dsym";
				ENABLE_NS_ASSERTIONS = NO;
				ENABLE_STRICT_OBJC_MSGSEND = YES;
				GCC_C_LANGUAGE_STANDARD = gnu99;
				GCC_NO_COMMON_BLOCKS = YES;
				GCC_WARN_64_TO_32_BIT_CONVERSION = YES;
				GCC_WARN_ABOUT_RETURN_TYPE = YES_ERROR;
				GCC_WARN_UNDECLARED_SELECTOR = YES;
				GCC_WARN_UNINITIALIZED_AUTOS = YES_AGGRESSIVE;
				GCC_WARN_UNUSED_FUNCTION = YES;
				GCC_WARN_UNUSED_VARIABLE = YES;
				IPHONEOS_DEPLOYMENT_TARGET = 10.2;
				MTL_ENABLE_DEBUG_INFO = NO;
				SDKROOT = iphoneos;
				VALIDATE_PRODUCT = YES;
			};
			name = Release;
		};
		E779E1241E695F7400AA617B /* Debug */ = {
			isa = XCBuildConfiguration;
			buildSettings = {
				ASSETCATALOG_COMPILER_APPICON_NAME = AppIcon;
				DEVELOPMENT_TEAM = 6M2Z6C29XA;
				INFOPLIST_FILE = DataPicker/Info.plist;
				LD_RUNPATH_SEARCH_PATHS = "$(inherited) @executable_path/Frameworks";
				PRODUCT_BUNDLE_IDENTIFIER = com.orangeapps.DataPicker;
				PRODUCT_NAME = "$(TARGET_NAME)";
			};
			name = Debug;
		};
		E779E1251E695F7400AA617B /* Release */ = {
			isa = XCBuildConfiguration;
			buildSettings = {
				ASSETCATALOG_COMPILER_APPICON_NAME = AppIcon;
				DEVELOPMENT_TEAM = 6M2Z6C29XA;
				INFOPLIST_FILE = DataPicker/Info.plist;
				LD_RUNPATH_SEARCH_PATHS = "$(inherited) @executable_path/Frameworks";
				PRODUCT_BUNDLE_IDENTIFIER = com.orangeapps.DataPicker;
				PRODUCT_NAME = "$(TARGET_NAME)";
			};
			name = Release;
		};
/* End XCBuildConfiguration section */

/* Begin XCConfigurationList section */
		E779E1071E695F7400AA617B /* Build configuration list for PBXProject "DataPicker" */ = {
			isa = XCConfigurationList;
			buildConfigurations = (
				E779E1211E695F7400AA617B /* Debug */,
				E779E1221E695F7400AA617B /* Release */,
			);
			defaultConfigurationIsVisible = 0;
			defaultConfigurationName = Release;
		};
		E779E1231E695F7400AA617B /* Build configuration list for PBXNativeTarget "DataPicker" */ = {
			isa = XCConfigurationList;
			buildConfigurations = (
				E779E1241E695F7400AA617B /* Debug */,
				E779E1251E695F7400AA617B /* Release */,
			);
			defaultConfigurationIsVisible = 0;
		};
/* End XCConfigurationList section */
	};
	rootObject = E779E1041E695F7400AA617B /* Project object */;
}
